{
  "originHash" : "608909ed915b26c72b2f2e9798e408027b2b0bdd4308c09bf4d0d665c193128d",
  "pins" : [
    {
      "identity" : "swift-cmark",
      "kind" : "remoteSourceControl",
      "location" : "https://github.com/swiftlang/swift-cmark.git",
      "state" : {
        "branch" : "gfm",
        "revision" : "924936d0427cb25a61169739a7660230bffa6ea6"
      }
    },
    {
      "identity" : "swift-markdown",
      "kind" : "remoteSourceControl",
      "location" : "https://github.com/swiftlang/swift-markdown.git",
      "state" : {
        "branch" : "main",
        "revision" : "b2135f426fca19029430fbf26564e953b2d0f3d3"
      }
    },
    {
      "identity" : "swiftcompartido",
      "kind" : "remoteSourceControl",
      "location" : "https://github.com/intrusive-memory/SwiftCompartido.git",
      "state" : {
        "branch" : "development",
        "revision" : "15040e90c4006bab6e3d3e96bfeb1c776decd71e"
      }
    },
    {
      "identity" : "textbundle",
      "kind" : "remoteSourceControl",
      "location" : "https://github.com/mcritz/TextBundle.git",
      "state" : {
        "revision" : "6fd4f918150abb7c2f1bbd0cc02ebf5d5b51a1a4",
        "version" : "1.0.7"
      }
    },
    {
      "identity" : "zipfoundation",
      "kind" : "remoteSourceControl",
      "location" : "https://github.com/weichsel/ZIPFoundation",
      "state" : {
        "revision" : "22787ffb59de99e5dc1fbfe80b19c97a904ad48d",
        "version" : "0.9.20"
      }
    }
  ],
  "version" : 3
}
